# This file is generated by running "yarn install" inside your project.
# Manual changes might be lost - proceed with caution!

__metadata:
  version: 6
  cacheKey: 8

"lucide-react@npm:^0.556.0":
  version: 0.556.0
  resolution: "lucide-react@npm:0.556.0"
  peerDependencies:
    react: ^16.5.1 || ^17.0.0 || ^18.0.0 || ^19.0.0
  checksum: b90a2f53f9d8844002996c7f3f8120259a3a49f91d174a1a12402b7467e75cbeb77ec77bb48712c8ec6dbaa7a8550396a85bad29645586d4d65dd3d874109cac
  languageName: node
  linkType: hard

"zaijix@workspace:.":
  version: 0.0.0-use.local
  resolution: "zaijix@workspace:."
  dependencies:
    lucide-react: ^0.556.0
  languageName: unknown
  linkType: soft
